// !$*UTF8*$!
{
	archiveVersion = 1;
	classes = {
	};
	objectVersion = 50;
	objects = {

/* Begin PBXBuildFile section */
		2DAE528B23EE235E005E13A9 /* main.swift in Sources */ = {isa = PBXBuildFile; fileRef = 2DAE528A23EE235E005E13A9 /* main.swift */; };
		2DAE529223EE2494005E13A9 /* SStudent.swift in Sources */ = {isa = PBXBuildFile; fileRef = 2DAE529123EE2494005E13A9 /* SStudent.swift */; };
		2DAE529423EE25CC005E13A9 /* CStudent.swift in Sources */ = {isa = PBXBuildFile; fileRef = 2DAE529323EE25CC005E13A9 /* CStudent.swift */; };
		2DAE529623EE2BCB005E13A9 /* Students.swift in Sources */ = {isa = PBXBuildFile; fileRef = 2DAE529523EE2BCB005E13A9 /* Students.swift */; };
/* End PBXBuildFile section */

/* Begin PBXCopyFilesBuildPhase section */
		2DAE528523EE235E005E13A9 /* CopyFiles */ = {
			isa = PBXCopyFilesBuildPhase;
			buildActionMask = 2147483647;
			dstPath = /usr/share/man/man1/;
			dstSubfolderSpec = 0;
			files = (
			);
			runOnlyForDeploymentPostprocessing = 1;
		};
/* End PBXCopyFilesBuildPhase section */

/* Begin PBXFileReference section */
		2DAE528723EE235E005E13A9 /* Day3ClassesAndStructers */ = {isa = PBXFileReference; explicitFileType = "compiled.mach-o.executable"; includeInIndex = 0; path = Day3ClassesAndStructers; sourceTree = BUILT_PRODUCTS_DIR; };
		2DAE528A23EE235E005E13A9 /* main.swift */ = {isa = PBXFileReference; lastKnownFileType = sourcecode.swift; path = main.swift; sourceTree = "<group>"; };
		2DAE529123EE2494005E13A9 /* SStudent.swift */ = {isa = PBXFileReference; lastKnownFileType = sourcecode.swift; path = SStudent.swift; sourceTree = "<group>"; };
		2DAE529323EE25CC005E13A9 /* CStudent.swift */ = {isa = PBXFileReference; lastKnownFileType = sourcecode.swift; path = CStudent.swift; sourceTree = "<group>"; };
		2DAE529523EE2BCB005E13A9 /* Students.swift */ = {isa = PBXFileReference; lastKnownFileType = sourcecode.swift; path = Students.swift; sourceTree = "<group>"; };
/* End PBXFileReference section */

/* Begin PBXFrameworksBuildPhase section */
		2DAE528423EE235E005E13A9 /* Frameworks */ = {
			isa = PBXFrameworksBuildPhase;
			buildActionMask = 2147483647;
			files = (
			);
			runOnlyForDeploymentPostprocessing = 0;
		};
/* End PBXFrameworksBuildPhase section */

/* Begin PBXGroup section */
		2DAE527E23EE235E005E13A9 = {
			isa = PBXGroup;
			children = (
				2DAE528923EE235E005E13A9 /* Day3ClassesAndStructers */,
				2DAE528823EE235E005E13A9 /* Products */,
			);
			sourceTree = "<group>";
		};
		2DAE528823EE235E005E13A9 /* Products */ = {
			isa = PBXGroup;
			children = (
				2DAE528723EE235E005E13A9 /* Day3ClassesAndStructers */,
			);
			name = Products;
			sourceTree = "<group>";
		};
		2DAE528923EE235E005E13A9 /* Day3ClassesAndStructers */ = {
			isa = PBXGroup;
			children = (
				2DAE528A23EE235E005E13A9 /* main.swift */,
				2DAE529123EE2494005E13A9 /* SStudent.swift */,
				2DAE529323EE25CC005E13A9 /* CStudent.swift */,
				2DAE529523EE2BCB005E13A9 /* Students.swift */,
			);
			path = Day3ClassesAndStructers;
			sourceTree = "<group>";
		};
/* End PBXGroup section */

/* Begin PBXNativeTarget section */
		2DAE528623EE235E005E13A9 /* Day3ClassesAndStructers */ = {
			isa = PBXNativeTarget;
			buildConfigurationList = 2DAE528E23EE235E005E13A9 /* Build configuration list for PBXNativeTarget "Day3ClassesAndStructers" */;
			buildPhases = (
				2DAE528323EE235E005E13A9 /* Sources */,
				2DAE528423EE235E005E13A9 /* Frameworks */,
				2DAE528523EE235E005E13A9 /* CopyFiles */,
			);
			buildRules = (
			);
			dependencies = (
			);
			name = Day3ClassesAndStructers;
			productName = Day3ClassesAndStructers;
			productReference = 2DAE528723EE235E005E13A9 /* Day3ClassesAndStructers */;
			productType = "com.apple.product-type.tool";
		};
/* End PBXNativeTarget section */

/* Begin PBXProject section */
		2DAE527F23EE235E005E13A9 /* Project object */ = {
			isa = PBXProject;
			attributes = {
				LastSwiftUpdateCheck = 1130;
				LastUpgradeCheck = 1130;
				ORGANIZATIONNAME = "Shree Marella";
				TargetAttributes = {
					2DAE528623EE235E005E13A9 = {
						CreatedOnToolsVersion = 11.3.1;
					};
				};
			};
			buildConfigurationList = 2DAE528223EE235E005E13A9 /* Build configuration list for PBXProject "Day3ClassesAndStructers" */;
			compatibilityVersion = "Xcode 9.3";
			developmentRegion = en;
			hasScannedForEncodings = 0;
			knownRegions = (
				en,
				Base,
			);
			mainGroup = 2DAE527E23EE235E005E13A9;
			productRefGroup = 2DAE528823EE235E005E13A9 /* Products */;
			projectDirPath = "";
			projectRoot = "";
			targets = (
				2DAE528623EE235E005E13A9 /* Day3ClassesAndStructers */,
			);
		};
/* End PBXProject section */

/* Begin PBXSourcesBuildPhase section */
		2DAE528323EE235E005E13A9 /* Sources */ = {
			isa = PBXSourcesBuildPhase;
			buildActionMask = 2147483647;
			files = (
				2DAE528B23EE235E005E13A9 /* main.swift in Sources */,
				2DAE529223EE2494005E13A9 /* SStudent.swift in Sources */,
				2DAE529423EE25CC005E13A9 /* CStudent.swift in Sources */,
				2DAE529623EE2BCB005E13A9 /* Students.swift in Sources */,
			);
			runOnlyForDeploymentPostprocessing = 0;
		};
/* End PBXSourcesBuildPhase section */

/* Begin XCBuildConfiguration section */
		2DAE528C23EE235E005E13A9 /* Debug */ = {
			isa = XCBuildConfiguration;
			buildSettings = {
				ALWAYS_SEARCH_USER_PATHS = NO;
				CLANG_ANALYZER_NONNULL = YES;
				CLANG_ANALYZER_NUMBER_OBJECT_CONVERSION = YES_AGGRESSIVE;
				CLANG_CXX_LANGUAGE_STANDARD = "gnu++14";
				CLANG_CXX_LIBRARY = "libc++";
				CLANG_ENABLE_MODULES = YES;
				CLANG_ENABLE_OBJC_ARC = YES;
				CLANG_ENABLE_OBJC_WEAK = YES;
				CLANG_WARN_BLOCK_CAPTURE_AUTORELEASING = YES;
				CLANG_WARN_BOOL_CONVERSION = YES;
				CLANG_WARN_COMMA = YES;
				CLANG_WARN_CONSTANT_CONVERSION = YES;
				CLANG_WARN_DEPRECATED_OBJC_IMPLEMENTATIONS = YES;
				CLANG_WARN_DIRECT_OBJC_ISA_USAGE = YES_ERROR;
				CLANG_WARN_DOCUMENTATION_COMMENTS = YES;
				CLANG_WARN_EMPTY_BODY = YES;
				CLANG_WARN_ENUM_CONVERSION = YES;
				CLANG_WARN_INFINITE_RECURSION = YES;
				CLANG_WARN_INT_CONVERSION = YES;
				CLANG_WARN_NON_LITERAL_NULL_CONVERSION = YES;
				CLANG_WARN_OBJC_IMPLICIT_RETAIN_SELF = YES;
				CLANG_WARN_OBJC_LITERAL_CONVERSION = YES;
				CLANG_WARN_OBJC_ROOT_CLASS = YES_ERROR;
				CLANG_WARN_RANGE_LOOP_ANALYSIS = YES;
				CLANG_WARN_STRICT_PROTOTYPES = YES;
				CLANG_WARN_SUSPICIOUS_MOVE = YES;
				CLANG_WARN_UNGUARDED_AVAILABILITY = YES_AGGRESSIVE;
				CLANG_WARN_UNREACHABLE_CODE = YES;
				CLANG_WARN__DUPLICATE_METHOD_MATCH = YES;
				COPY_PHASE_STRIP = NO;
				DEBUG_INFORMATION_FORMAT = dwarf;
				ENABLE_STRICT_OBJC_MSGSEND = YES;
				ENABLE_TESTABILITY = YES;
				GCC_C_LANGUAGE_STANDARD = gnu11;
				GCC_DYNAMIC_NO_PIC = NO;
				GCC_NO_COMMON_BLOCKS = YES;
				GCC_OPTIMIZATION_LEVEL = 0;
				GCC_PREPROCESSOR_DEFINITIONS = (
					"DEBUG=1",
					"$(inherited)",
				);
				GCC_WARN_64_TO_32_BIT_CONVERSION = YES;
				GCC_WARN_ABOUT_RETURN_TYPE = YES_ERROR;
				GCC_WARN_UNDECLARED_SELECTOR = YES;
				GCC_WARN_UNINITIALIZED_AUTOS = YES_AGGRESSIVE;
				GCC_WARN_UNUSED_FUNCTION = YES;
				GCC_WARN_UNUSED_VARIABLE = YES;
				MACOSX_DEPLOYMENT_TARGET = 10.15;
				MTL_ENABLE_DEBUG_INFO = INCLUDE_SOURCE;
				MTL_FAST_MATH = YES;
				ONLY_ACTIVE_ARCH = YES;
				SDKROOT = macosx;
				SWIFT_ACTIVE_COMPILATION_CONDITIONS = DEBUG;
				SWIFT_OPTIMIZATION_LEVEL = "-Onone";
			};
			name = Debug;
		};
		2DAE528D23EE235E005E13A9 /* Release */ = {
			isa = XCBuildConfiguration;
			buildSettings = {
				ALWAYS_SEARCH_USER_PATHS = NO;
				CLANG_ANALYZER_NONNULL = YES;
				CLANG_ANALYZER_NUMBER_OBJECT_CONVERSION = YES_AGGRESSIVE;
				CLANG_CXX_LANGUAGE_STANDARD = "gnu++14";
				CLANG_CXX_LIBRARY = "libc++";
				CLANG_ENABLE_MODULES = YES;
				CLANG_ENABLE_OBJC_ARC = YES;
				CLANG_ENABLE_OBJC_WEAK = YES;
				CLANG_WARN_BLOCK_CAPTURE_AUTORELEASING = YES;
				CLANG_WARN_BOOL_CONVERSION = YES;
				CLANG_WARN_COMMA = YES;
				CLANG_WARN_CONSTANT_CONVERSION = YES;
				CLANG_WARN_DEPRECATED_OBJC_IMPLEMENTATIONS = YES;
				CLANG_WARN_DIRECT_OBJC_ISA_USAGE = YES_ERROR;
				CLANG_WARN_DOCUMENTATION_COMMENTS = YES;
				CLANG_WARN_EMPTY_BODY = YES;
				CLANG_WARN_ENUM_CONVERSION = YES;
				CLANG_WARN_INFINITE_RECURSION = YES;
				CLANG_WARN_INT_CONVERSION = YES;
				CLANG_WARN_NON_LITERAL_NULL_CONVERSION = YES;
				CLANG_WARN_OBJC_IMPLICIT_RETAIN_SELF = YES;
				CLANG_WARN_OBJC_LITERAL_CONVERSION = YES;
				CLANG_WARN_OBJC_ROOT_CLASS = YES_ERROR;
				CLANG_WARN_RANGE_LOOP_ANALYSIS = YES;
				CLANG_WARN_STRICT_PROTOTYPES = YES;
				CLANG_WARN_SUSPICIOUS_MOVE = YES;
				CLANG_WARN_UNGUARDED_AVAILABILITY = YES_AGGRESSIVE;
				CLANG_WARN_UNREACHABLE_CODE = YES;
				CLANG_WARN__DUPLICATE_METHOD_MATCH = YES;
				COPY_PHASE_STRIP = NO;
				DEBUG_INFORMATION_FORMAT = "dwarf-with-dsym";
				ENABLE_NS_ASSERTIONS = NO;
				ENABLE_STRICT_OBJC_MSGSEND = YES;
				GCC_C_LANGUAGE_STANDARD = gnu11;
				GCC_NO_COMMON_BLOCKS = YES;
				GCC_WARN_64_TO_32_BIT_CONVERSION = YES;
				GCC_WARN_ABOUT_RETURN_TYPE = YES_ERROR;
				GCC_WARN_UNDECLARED_SELECTOR = YES;
				GCC_WARN_UNINITIALIZED_AUTOS = YES_AGGRESSIVE;
				GCC_WARN_UNUSED_FUNCTION = YES;
				GCC_WARN_UNUSED_VARIABLE = YES;
				MACOSX_DEPLOYMENT_TARGET = 10.15;
				MTL_ENABLE_DEBUG_INFO = NO;
				MTL_FAST_MATH = YES;
				SDKROOT = macosx;
				SWIFT_COMPILATION_MODE = wholemodule;
				SWIFT_OPTIMIZATION_LEVEL = "-O";
			};
			name = Release;
		};
		2DAE528F23EE235E005E13A9 /* Debug */ = {
			isa = XCBuildConfiguration;
			buildSettings = {
				CODE_SIGN_STYLE = Automatic;
				DEVELOPMENT_TEAM = Q44WGD5N98;
				ENABLE_HARDENED_RUNTIME = YES;
				PRODUCT_NAME = "$(TARGET_NAME)";
				SWIFT_VERSION = 5.0;
			};
			name = Debug;
		};
		2DAE529023EE235E005E13A9 /* Release */ = {
			isa = XCBuildConfiguration;
			buildSettings = {
				CODE_SIGN_STYLE = Automatic;
				DEVELOPMENT_TEAM = Q44WGD5N98;
				ENABLE_HARDENED_RUNTIME = YES;
				PRODUCT_NAME = "$(TARGET_NAME)";
				SWIFT_VERSION = 5.0;
			};
			name = Release;
		};
/* End XCBuildConfiguration section */

/* Begin XCConfigurationList section */
		2DAE528223EE235E005E13A9 /* Build configuration list for PBXProject "Day3ClassesAndStructers" */ = {
			isa = XCConfigurationList;
			buildConfigurations = (
				2DAE528C23EE235E005E13A9 /* Debug */,
				2DAE528D23EE235E005E13A9 /* Release */,
			);
			defaultConfigurationIsVisible = 0;
			defaultConfigurationName = Release;
		};
		2DAE528E23EE235E005E13A9 /* Build configuration list for PBXNativeTarget "Day3ClassesAndStructers" */ = {
			isa = XCConfigurationList;
			buildConfigurations = (
				2DAE528F23EE235E005E13A9 /* Debug */,
				2DAE529023EE235E005E13A9 /* Release */,
			);
			defaultConfigurationIsVisible = 0;
			defaultConfigurationName = Release;
		};
/* End XCConfigurationList section */
	};
	rootObject = 2DAE527F23EE235E005E13A9 /* Project object */;
}
